
Microsoft Visual Studio Solution File, Format Version 12.00
# Visual Studio 14
VisualStudioVersion = 14.0.25123.0
MinimumVisualStudioVersion = 10.0.40219.1
Project("{582A9A6A-C32B-425C-94A4-648A6626C1D0}") = "Sitecore.Support.142416", "Sitecore.Support.142416\Sitecore.Support.142416.csproj", "{B8382F5F-9389-4614-A934-A6F06AEEBFBF}"
EndProject
Global
	GlobalSection(SolutionConfigurationPlatforms) = preSolution
		Debug|Any CPU = Debug|Any CPU
		Release|Any CPU = Release|Any CPU
	EndGlobalSection
	GlobalSection(ProjectConfigurationPlatforms) = postSolution
		{B8382F5F-9389-4614-A934-A6F06AEEBFBF}.Debug|Any CPU.ActiveCfg = Debug|Any CPU
		{B8382F5F-9389-4614-A934-A6F06AEEBFBF}.Debug|Any CPU.Build.0 = Debug|Any CPU
		{B8382F5F-9389-4614-A934-A6F06AEEBFBF}.Release|Any CPU.ActiveCfg = Release|Any CPU
		{B8382F5F-9389-4614-A934-A6F06AEEBFBF}.Release|Any CPU.Build.0 = Release|Any CPU
	EndGlobalSection
	GlobalSection(SolutionProperties) = preSolution
		HideSolutionNode = FALSE
	EndGlobalSection
EndGlobal
